// !$*UTF8*$!
{
	archiveVersion = 1;
	classes = {
	};
	objectVersion = 56;
	objects = {

/* Begin PBXBuildFile section */
		149522112E61F6AD002084FA /* VoiceJournalApp.swift in Sources */ = {isa = PBXBuildFile; fileRef = 149522102E61F6AD002084FA /* VoiceJournalApp.swift */; };
		149522132E61F6AD002084FA /* ContentView.swift in Sources */ = {isa = PBXBuildFile; fileRef = 149522122E61F6AD002084FA /* ContentView.swift */; };
		149522152E61F6AE002084FA /* Assets.xcassets in Resources */ = {isa = PBXBuildFile; fileRef = 149522142E61F6AE002084FA /* Assets.xcassets */; };
		149522182E61F6AE002084FA /* Preview Assets.xcassets in Resources */ = {isa = PBXBuildFile; fileRef = 149522172E61F6AE002084FA /* Preview Assets.xcassets */; };
		149522222E61F6AE002084FA /* VoiceJournalTests.swift in Sources */ = {isa = PBXBuildFile; fileRef = 149522212E61F6AE002084FA /* VoiceJournalTests.swift */; };
		1495222C2E61F6AE002084FA /* VoiceJournalUITests.swift in Sources */ = {isa = PBXBuildFile; fileRef = 1495222B2E61F6AE002084FA /* VoiceJournalUITests.swift */; };
		1495222E2E61F6AE002084FA /* VoiceJournalUITestsLaunchTests.swift in Sources */ = {isa = PBXBuildFile; fileRef = 1495222D2E61F6AE002084FA /* VoiceJournalUITestsLaunchTests.swift */; };
/* End PBXBuildFile section */

/* Begin PBXContainerItemProxy section */
		1495221E2E61F6AE002084FA /* PBXContainerItemProxy */ = {
			isa = PBXContainerItemProxy;
			containerPortal = 149522052E61F6AD002084FA /* Project object */;
			proxyType = 1;
			remoteGlobalIDString = 1495220C2E61F6AD002084FA;
			remoteInfo = VoiceJournal;
		};
		149522282E61F6AE002084FA /* PBXContainerItemProxy */ = {
			isa = PBXContainerItemProxy;
			containerPortal = 149522052E61F6AD002084FA /* Project object */;
			proxyType = 1;
			remoteGlobalIDString = 1495220C2E61F6AD002084FA;
			remoteInfo = VoiceJournal;
		};
/* End PBXContainerItemProxy section */

/* Begin PBXFileReference section */
		1495220D2E61F6AD002084FA /* VoiceJournal.app */ = {isa = PBXFileReference; explicitFileType = wrapper.application; includeInIndex = 0; path = VoiceJournal.app; sourceTree = BUILT_PRODUCTS_DIR; };
		149522102E61F6AD002084FA /* VoiceJournalApp.swift */ = {isa = PBXFileReference; lastKnownFileType = sourcecode.swift; path = VoiceJournalApp.swift; sourceTree = "<group>"; };
		149522122E61F6AD002084FA /* ContentView.swift */ = {isa = PBXFileReference; lastKnownFileType = sourcecode.swift; path = ContentView.swift; sourceTree = "<group>"; };
		149522142E61F6AE002084FA /* Assets.xcassets */ = {isa = PBXFileReference; lastKnownFileType = folder.assetcatalog; path = Assets.xcassets; sourceTree = "<group>"; };
		149522172E61F6AE002084FA /* Preview Assets.xcassets */ = {isa = PBXFileReference; lastKnownFileType = folder.assetcatalog; path = "Preview Assets.xcassets"; sourceTree = "<group>"; };
		1495221D2E61F6AE002084FA /* VoiceJournalTests.xctest */ = {isa = PBXFileReference; explicitFileType = wrapper.cfbundle; includeInIndex = 0; path = VoiceJournalTests.xctest; sourceTree = BUILT_PRODUCTS_DIR; };
		149522212E61F6AE002084FA /* VoiceJournalTests.swift */ = {isa = PBXFileReference; lastKnownFileType = sourcecode.swift; path = VoiceJournalTests.swift; sourceTree = "<group>"; };
		149522272E61F6AE002084FA /* VoiceJournalUITests.xctest */ = {isa = PBXFileReference; explicitFileType = wrapper.cfbundle; includeInIndex = 0; path = VoiceJournalUITests.xctest; sourceTree = BUILT_PRODUCTS_DIR; };
		1495222B2E61F6AE002084FA /* VoiceJournalUITests.swift */ = {isa = PBXFileReference; lastKnownFileType = sourcecode.swift; path = VoiceJournalUITests.swift; sourceTree = "<group>"; };
		1495222D2E61F6AE002084FA /* VoiceJournalUITestsLaunchTests.swift */ = {isa = PBXFileReference; lastKnownFileType = sourcecode.swift; path = VoiceJournalUITestsLaunchTests.swift; sourceTree = "<group>"; };
/* End PBXFileReference section */

/* Begin PBXFrameworksBuildPhase section */
		1495220A2E61F6AD002084FA /* Frameworks */ = {
			isa = PBXFrameworksBuildPhase;
			buildActionMask = 2147483647;
			files = (
			);
			runOnlyForDeploymentPostprocessing = 0;
		};
		1495221A2E61F6AE002084FA /* Frameworks */ = {
			isa = PBXFrameworksBuildPhase;
			buildActionMask = 2147483647;
			files = (
			);
			runOnlyForDeploymentPostprocessing = 0;
		};
		149522242E61F6AE002084FA /* Frameworks */ = {
			isa = PBXFrameworksBuildPhase;
			buildActionMask = 2147483647;
			files = (
			);
			runOnlyForDeploymentPostprocessing = 0;
		};
/* End PBXFrameworksBuildPhase section */

/* Begin PBXGroup section */
		149522042E61F6AD002084FA = {
			isa = PBXGroup;
			children = (
				1495220F2E61F6AD002084FA /* VoiceJournal */,
				149522202E61F6AE002084FA /* VoiceJournalTests */,
				1495222A2E61F6AE002084FA /* VoiceJournalUITests */,
				1495220E2E61F6AD002084FA /* Products */,
			);
			sourceTree = "<group>";
		};
		1495220E2E61F6AD002084FA /* Products */ = {
			isa = PBXGroup;
			children = (
				1495220D2E61F6AD002084FA /* VoiceJournal.app */,
				1495221D2E61F6AE002084FA /* VoiceJournalTests.xctest */,
				149522272E61F6AE002084FA /* VoiceJournalUITests.xctest */,
			);
			name = Products;
			sourceTree = "<group>";
		};
		1495220F2E61F6AD002084FA /* VoiceJournal */ = {
			isa = PBXGroup;
			children = (
				149522102E61F6AD002084FA /* VoiceJournalApp.swift */,
				149522122E61F6AD002084FA /* ContentView.swift */,
				149522142E61F6AE002084FA /* Assets.xcassets */,
				149522162E61F6AE002084FA /* Preview Content */,
			);
			path = VoiceJournal;
			sourceTree = "<group>";
		};
		149522162E61F6AE002084FA /* Preview Content */ = {
			isa = PBXGroup;
			children = (
				149522172E61F6AE002084FA /* Preview Assets.xcassets */,
			);
			path = "Preview Content";
			sourceTree = "<group>";
		};
		149522202E61F6AE002084FA /* VoiceJournalTests */ = {
			isa = PBXGroup;
			children = (
				149522212E61F6AE002084FA /* VoiceJournalTests.swift */,
			);
			path = VoiceJournalTests;
			sourceTree = "<group>";
		};
		1495222A2E61F6AE002084FA /* VoiceJournalUITests */ = {
			isa = PBXGroup;
			children = (
				1495222B2E61F6AE002084FA /* VoiceJournalUITests.swift */,
				1495222D2E61F6AE002084FA /* VoiceJournalUITestsLaunchTests.swift */,
			);
			path = VoiceJournalUITests;
			sourceTree = "<group>";
		};
/* End PBXGroup section */

/* Begin PBXNativeTarget section */
		1495220C2E61F6AD002084FA /* VoiceJournal */ = {
			isa = PBXNativeTarget;
			buildConfigurationList = 149522312E61F6AE002084FA /* Build configuration list for PBXNativeTarget "VoiceJournal" */;
			buildPhases = (
				149522092E61F6AD002084FA /* Sources */,
				1495220A2E61F6AD002084FA /* Frameworks */,
				1495220B2E61F6AD002084FA /* Resources */,
			);
			buildRules = (
			);
			dependencies = (
			);
			name = VoiceJournal;
			productName = VoiceJournal;
			productReference = 1495220D2E61F6AD002084FA /* VoiceJournal.app */;
			productType = "com.apple.product-type.application";
		};
		1495221C2E61F6AE002084FA /* VoiceJournalTests */ = {
			isa = PBXNativeTarget;
			buildConfigurationList = 149522342E61F6AE002084FA /* Build configuration list for PBXNativeTarget "VoiceJournalTests" */;
			buildPhases = (
				149522192E61F6AE002084FA /* Sources */,
				1495221A2E61F6AE002084FA /* Frameworks */,
				1495221B2E61F6AE002084FA /* Resources */,
			);
			buildRules = (
			);
			dependencies = (
				1495221F2E61F6AE002084FA /* PBXTargetDependency */,
			);
			name = VoiceJournalTests;
			productName = VoiceJournalTests;
			productReference = 1495221D2E61F6AE002084FA /* VoiceJournalTests.xctest */;
			productType = "com.apple.product-type.bundle.unit-test";
		};
		149522262E61F6AE002084FA /* VoiceJournalUITests */ = {
			isa = PBXNativeTarget;
			buildConfigurationList = 149522372E61F6AE002084FA /* Build configuration list for PBXNativeTarget "VoiceJournalUITests" */;
			buildPhases = (
				149522232E61F6AE002084FA /* Sources */,
				149522242E61F6AE002084FA /* Frameworks */,
				149522252E61F6AE002084FA /* Resources */,
			);
			buildRules = (
			);
			dependencies = (
				149522292E61F6AE002084FA /* PBXTargetDependency */,
			);
			name = VoiceJournalUITests;
			productName = VoiceJournalUITests;
			productReference = 149522272E61F6AE002084FA /* VoiceJournalUITests.xctest */;
			productType = "com.apple.product-type.bundle.ui-testing";
		};
/* End PBXNativeTarget section */

/* Begin PBXProject section */
		149522052E61F6AD002084FA /* Project object */ = {
			isa = PBXProject;
			attributes = {
				BuildIndependentTargetsInParallel = 1;
				LastSwiftUpdateCheck = 1430;
				LastUpgradeCheck = 1430;
				TargetAttributes = {
					1495220C2E61F6AD002084FA = {
						CreatedOnToolsVersion = 14.3.1;
					};
					1495221C2E61F6AE002084FA = {
						CreatedOnToolsVersion = 14.3.1;
						TestTargetID = 1495220C2E61F6AD002084FA;
					};
					149522262E61F6AE002084FA = {
						CreatedOnToolsVersion = 14.3.1;
						TestTargetID = 1495220C2E61F6AD002084FA;
					};
				};
			};
			buildConfigurationList = 149522082E61F6AD002084FA /* Build configuration list for PBXProject "VoiceJournal" */;
			compatibilityVersion = "Xcode 14.0";
			developmentRegion = en;
			hasScannedForEncodings = 0;
			knownRegions = (
				en,
				Base,
			);
			mainGroup = 149522042E61F6AD002084FA;
			productRefGroup = 1495220E2E61F6AD002084FA /* Products */;
			projectDirPath = "";
			projectRoot = "";
			targets = (
				1495220C2E61F6AD002084FA /* VoiceJournal */,
				1495221C2E61F6AE002084FA /* VoiceJournalTests */,
				149522262E61F6AE002084FA /* VoiceJournalUITests */,
			);
		};
/* End PBXProject section */

/* Begin PBXResourcesBuildPhase section */
		1495220B2E61F6AD002084FA /* Resources */ = {
			isa = PBXResourcesBuildPhase;
			buildActionMask = 2147483647;
			files = (
				149522182E61F6AE002084FA /* Preview Assets.xcassets in Resources */,
				149522152E61F6AE002084FA /* Assets.xcassets in Resources */,
			);
			runOnlyForDeploymentPostprocessing = 0;
		};
		1495221B2E61F6AE002084FA /* Resources */ = {
			isa = PBXResourcesBuildPhase;
			buildActionMask = 2147483647;
			files = (
			);
			runOnlyForDeploymentPostprocessing = 0;
		};
		149522252E61F6AE002084FA /* Resources */ = {
			isa = PBXResourcesBuildPhase;
			buildActionMask = 2147483647;
			files = (
			);
			runOnlyForDeploymentPostprocessing = 0;
		};
/* End PBXResourcesBuildPhase section */

/* Begin PBXSourcesBuildPhase section */
		149522092E61F6AD002084FA /* Sources */ = {
			isa = PBXSourcesBuildPhase;
			buildActionMask = 2147483647;
			files = (
				149522132E61F6AD002084FA /* ContentView.swift in Sources */,
				149522112E61F6AD002084FA /* VoiceJournalApp.swift in Sources */,
			);
			runOnlyForDeploymentPostprocessing = 0;
		};
		149522192E61F6AE002084FA /* Sources */ = {
			isa = PBXSourcesBuildPhase;
			buildActionMask = 2147483647;
			files = (
				149522222E61F6AE002084FA /* VoiceJournalTests.swift in Sources */,
			);
			runOnlyForDeploymentPostprocessing = 0;
		};
		149522232E61F6AE002084FA /* Sources */ = {
			isa = PBXSourcesBuildPhase;
			buildActionMask = 2147483647;
			files = (
				1495222C2E61F6AE002084FA /* VoiceJournalUITests.swift in Sources */,
				1495222E2E61F6AE002084FA /* VoiceJournalUITestsLaunchTests.swift in Sources */,
			);
			runOnlyForDeploymentPostprocessing = 0;
		};
/* End PBXSourcesBuildPhase section */

/* Begin PBXTargetDependency section */
		1495221F2E61F6AE002084FA /* PBXTargetDependency */ = {
			isa = PBXTargetDependency;
			target = 1495220C2E61F6AD002084FA /* VoiceJournal */;
			targetProxy = 1495221E2E61F6AE002084FA /* PBXContainerItemProxy */;
		};
		149522292E61F6AE002084FA /* PBXTargetDependency */ = {
			isa = PBXTargetDependency;
			target = 1495220C2E61F6AD002084FA /* VoiceJournal */;
			targetProxy = 149522282E61F6AE002084FA /* PBXContainerItemProxy */;
		};
/* End PBXTargetDependency section */

/* Begin XCBuildConfiguration section */
		1495222F2E61F6AE002084FA /* Debug */ = {
			isa = XCBuildConfiguration;
			buildSettings = {
				ALWAYS_SEARCH_USER_PATHS = NO;
				CLANG_ANALYZER_NONNULL = YES;
				CLANG_ANALYZER_NUMBER_OBJECT_CONVERSION = YES_AGGRESSIVE;
				CLANG_CXX_LANGUAGE_STANDARD = "gnu++20";
				CLANG_ENABLE_MODULES = YES;
				CLANG_ENABLE_OBJC_ARC = YES;
				CLANG_ENABLE_OBJC_WEAK = YES;
				CLANG_WARN_BLOCK_CAPTURE_AUTORELEASING = YES;
				CLANG_WARN_BOOL_CONVERSION = YES;
				CLANG_WARN_COMMA = YES;
				CLANG_WARN_CONSTANT_CONVERSION = YES;
				CLANG_WARN_DEPRECATED_OBJC_IMPLEMENTATIONS = YES;
				CLANG_WARN_DIRECT_OBJC_ISA_USAGE = YES_ERROR;
				CLANG_WARN_DOCUMENTATION_COMMENTS = YES;
				CLANG_WARN_EMPTY_BODY = YES;
				CLANG_WARN_ENUM_CONVERSION = YES;
				CLANG_WARN_INFINITE_RECURSION = YES;
				CLANG_WARN_INT_CONVERSION = YES;
				CLANG_WARN_NON_LITERAL_NULL_CONVERSION = YES;
				CLANG_WARN_OBJC_IMPLICIT_RETAIN_SELF = YES;
				CLANG_WARN_OBJC_LITERAL_CONVERSION = YES;
				CLANG_WARN_OBJC_ROOT_CLASS = YES_ERROR;
				CLANG_WARN_QUOTED_INCLUDE_IN_FRAMEWORK_HEADER = YES;
				CLANG_WARN_RANGE_LOOP_ANALYSIS = YES;
				CLANG_WARN_STRICT_PROTOTYPES = YES;
				CLANG_WARN_SUSPICIOUS_MOVE = YES;
				CLANG_WARN_UNGUARDED_AVAILABILITY = YES_AGGRESSIVE;
				CLANG_WARN_UNREACHABLE_CODE = YES;
				CLANG_WARN__DUPLICATE_METHOD_MATCH = YES;
				COPY_PHASE_STRIP = NO;
				DEBUG_INFORMATION_FORMAT = dwarf;
				ENABLE_STRICT_OBJC_MSGSEND = YES;
				ENABLE_TESTABILITY = YES;
				GCC_C_LANGUAGE_STANDARD = gnu11;
				GCC_DYNAMIC_NO_PIC = NO;
				GCC_NO_COMMON_BLOCKS = YES;
				GCC_OPTIMIZATION_LEVEL = 0;
				GCC_PREPROCESSOR_DEFINITIONS = (
					"DEBUG=1",
					"$(inherited)",
				);
				GCC_WARN_64_TO_32_BIT_CONVERSION = YES;
				GCC_WARN_ABOUT_RETURN_TYPE = YES_ERROR;
				GCC_WARN_UNDECLARED_SELECTOR = YES;
				GCC_WARN_UNINITIALIZED_AUTOS = YES_AGGRESSIVE;
				GCC_WARN_UNUSED_FUNCTION = YES;
				GCC_WARN_UNUSED_VARIABLE = YES;
				IPHONEOS_DEPLOYMENT_TARGET = 16.4;
				MTL_ENABLE_DEBUG_INFO = INCLUDE_SOURCE;
				MTL_FAST_MATH = YES;
				ONLY_ACTIVE_ARCH = YES;
				SDKROOT = iphoneos;
				SWIFT_ACTIVE_COMPILATION_CONDITIONS = DEBUG;
				SWIFT_OPTIMIZATION_LEVEL = "-Onone";
			};
			name = Debug;
		};
		149522302E61F6AE002084FA /* Release */ = {
			isa = XCBuildConfiguration;
			buildSettings = {
				ALWAYS_SEARCH_USER_PATHS = NO;
				CLANG_ANALYZER_NONNULL = YES;
				CLANG_ANALYZER_NUMBER_OBJECT_CONVERSION = YES_AGGRESSIVE;
				CLANG_CXX_LANGUAGE_STANDARD = "gnu++20";
				CLANG_ENABLE_MODULES = YES;
				CLANG_ENABLE_OBJC_ARC = YES;
				CLANG_ENABLE_OBJC_WEAK = YES;
				CLANG_WARN_BLOCK_CAPTURE_AUTORELEASING = YES;
				CLANG_WARN_BOOL_CONVERSION = YES;
				CLANG_WARN_COMMA = YES;
				CLANG_WARN_CONSTANT_CONVERSION = YES;
				CLANG_WARN_DEPRECATED_OBJC_IMPLEMENTATIONS = YES;
				CLANG_WARN_DIRECT_OBJC_ISA_USAGE = YES_ERROR;
				CLANG_WARN_DOCUMENTATION_COMMENTS = YES;
				CLANG_WARN_EMPTY_BODY = YES;
				CLANG_WARN_ENUM_CONVERSION = YES;
				CLANG_WARN_INFINITE_RECURSION = YES;
				CLANG_WARN_INT_CONVERSION = YES;
				CLANG_WARN_NON_LITERAL_NULL_CONVERSION = YES;
				CLANG_WARN_OBJC_IMPLICIT_RETAIN_SELF = YES;
				CLANG_WARN_OBJC_LITERAL_CONVERSION = YES;
				CLANG_WARN_OBJC_ROOT_CLASS = YES_ERROR;
				CLANG_WARN_QUOTED_INCLUDE_IN_FRAMEWORK_HEADER = YES;
				CLANG_WARN_RANGE_LOOP_ANALYSIS = YES;
				CLANG_WARN_STRICT_PROTOTYPES = YES;
				CLANG_WARN_SUSPICIOUS_MOVE = YES;
				CLANG_WARN_UNGUARDED_AVAILABILITY = YES_AGGRESSIVE;
				CLANG_WARN_UNREACHABLE_CODE = YES;
				CLANG_WARN__DUPLICATE_METHOD_MATCH = YES;
				COPY_PHASE_STRIP = NO;
				DEBUG_INFORMATION_FORMAT = "dwarf-with-dsym";
				ENABLE_NS_ASSERTIONS = NO;
				ENABLE_STRICT_OBJC_MSGSEND = YES;
				GCC_C_LANGUAGE_STANDARD = gnu11;
				GCC_NO_COMMON_BLOCKS = YES;
				GCC_WARN_64_TO_32_BIT_CONVERSION = YES;
				GCC_WARN_ABOUT_RETURN_TYPE = YES_ERROR;
				GCC_WARN_UNDECLARED_SELECTOR = YES;
				GCC_WARN_UNINITIALIZED_AUTOS = YES_AGGRESSIVE;
				GCC_WARN_UNUSED_FUNCTION = YES;
				GCC_WARN_UNUSED_VARIABLE = YES;
				IPHONEOS_DEPLOYMENT_TARGET = 16.4;
				MTL_ENABLE_DEBUG_INFO = NO;
				MTL_FAST_MATH = YES;
				SDKROOT = iphoneos;
				SWIFT_COMPILATION_MODE = wholemodule;
				SWIFT_OPTIMIZATION_LEVEL = "-O";
				VALIDATE_PRODUCT = YES;
			};
			name = Release;
		};
		149522322E61F6AE002084FA /* Debug */ = {
			isa = XCBuildConfiguration;
			buildSettings = {
				ASSETCATALOG_COMPILER_APPICON_NAME = AppIcon;
				ASSETCATALOG_COMPILER_GLOBAL_ACCENT_COLOR_NAME = AccentColor;
				CODE_SIGN_STYLE = Automatic;
				CURRENT_PROJECT_VERSION = 1;
				DEVELOPMENT_ASSET_PATHS = "\"VoiceJournal/Preview Content\"";
				ENABLE_PREVIEWS = YES;
				GENERATE_INFOPLIST_FILE = YES;
				INFOPLIST_KEY_UIApplicationSceneManifest_Generation = YES;
				INFOPLIST_KEY_UIApplicationSupportsIndirectInputEvents = YES;
				INFOPLIST_KEY_UILaunchScreen_Generation = YES;
				INFOPLIST_KEY_UISupportedInterfaceOrientations_iPad = "UIInterfaceOrientationPortrait UIInterfaceOrientationPortraitUpsideDown UIInterfaceOrientationLandscapeLeft UIInterfaceOrientationLandscapeRight";
				INFOPLIST_KEY_UISupportedInterfaceOrientations_iPhone = "UIInterfaceOrientationPortrait UIInterfaceOrientationLandscapeLeft UIInterfaceOrientationLandscapeRight";
				LD_RUNPATH_SEARCH_PATHS = (
					"$(inherited)",
					"@executable_path/Frameworks",
				);
				MARKETING_VERSION = 1.0;
				PRODUCT_BUNDLE_IDENTIFIER = com.janus.VoiceJournal;
				PRODUCT_NAME = "$(TARGET_NAME)";
				SWIFT_EMIT_LOC_STRINGS = YES;
				SWIFT_VERSION = 5.0;
				TARGETED_DEVICE_FAMILY = "1,2";
			};
			name = Debug;
		};
		149522332E61F6AE002084FA /* Release */ = {
			isa = XCBuildConfiguration;
			buildSettings = {
				ASSETCATALOG_COMPILER_APPICON_NAME = AppIcon;
				ASSETCATALOG_COMPILER_GLOBAL_ACCENT_COLOR_NAME = AccentColor;
				CODE_SIGN_STYLE = Automatic;
				CURRENT_PROJECT_VERSION = 1;
				DEVELOPMENT_ASSET_PATHS = "\"VoiceJournal/Preview Content\"";
				ENABLE_PREVIEWS = YES;
				GENERATE_INFOPLIST_FILE = YES;
				INFOPLIST_KEY_UIApplicationSceneManifest_Generation = YES;
				INFOPLIST_KEY_UIApplicationSupportsIndirectInputEvents = YES;
				INFOPLIST_KEY_UILaunchScreen_Generation = YES;
				INFOPLIST_KEY_UISupportedInterfaceOrientations_iPad = "UIInterfaceOrientationPortrait UIInterfaceOrientationPortraitUpsideDown UIInterfaceOrientationLandscapeLeft UIInterfaceOrientationLandscapeRight";
				INFOPLIST_KEY_UISupportedInterfaceOrientations_iPhone = "UIInterfaceOrientationPortrait UIInterfaceOrientationLandscapeLeft UIInterfaceOrientationLandscapeRight";
				LD_RUNPATH_SEARCH_PATHS = (
					"$(inherited)",
					"@executable_path/Frameworks",
				);
				MARKETING_VERSION = 1.0;
				PRODUCT_BUNDLE_IDENTIFIER = com.janus.VoiceJournal;
				PRODUCT_NAME = "$(TARGET_NAME)";
				SWIFT_EMIT_LOC_STRINGS = YES;
				SWIFT_VERSION = 5.0;
				TARGETED_DEVICE_FAMILY = "1,2";
			};
			name = Release;
		};
		149522352E61F6AE002084FA /* Debug */ = {
			isa = XCBuildConfiguration;
			buildSettings = {
				ALWAYS_EMBED_SWIFT_STANDARD_LIBRARIES = YES;
				BUNDLE_LOADER = "$(TEST_HOST)";
				CODE_SIGN_STYLE = Automatic;
				CURRENT_PROJECT_VERSION = 1;
				GENERATE_INFOPLIST_FILE = YES;
				IPHONEOS_DEPLOYMENT_TARGET = 16.4;
				MARKETING_VERSION = 1.0;
				PRODUCT_BUNDLE_IDENTIFIER = com.janus.VoiceJournalTests;
				PRODUCT_NAME = "$(TARGET_NAME)";
				SWIFT_EMIT_LOC_STRINGS = NO;
				SWIFT_VERSION = 5.0;
				TARGETED_DEVICE_FAMILY = "1,2";
				TEST_HOST = "$(BUILT_PRODUCTS_DIR)/VoiceJournal.app/$(BUNDLE_EXECUTABLE_FOLDER_PATH)/VoiceJournal";
			};
			name = Debug;
		};
		149522362E61F6AE002084FA /* Release */ = {
			isa = XCBuildConfiguration;
			buildSettings = {
				ALWAYS_EMBED_SWIFT_STANDARD_LIBRARIES = YES;
				BUNDLE_LOADER = "$(TEST_HOST)";
				CODE_SIGN_STYLE = Automatic;
				CURRENT_PROJECT_VERSION = 1;
				GENERATE_INFOPLIST_FILE = YES;
				IPHONEOS_DEPLOYMENT_TARGET = 16.4;
				MARKETING_VERSION = 1.0;
				PRODUCT_BUNDLE_IDENTIFIER = com.janus.VoiceJournalTests;
				PRODUCT_NAME = "$(TARGET_NAME)";
				SWIFT_EMIT_LOC_STRINGS = NO;
				SWIFT_VERSION = 5.0;
				TARGETED_DEVICE_FAMILY = "1,2";
				TEST_HOST = "$(BUILT_PRODUCTS_DIR)/VoiceJournal.app/$(BUNDLE_EXECUTABLE_FOLDER_PATH)/VoiceJournal";
			};
			name = Release;
		};
		149522382E61F6AE002084FA /* Debug */ = {
			isa = XCBuildConfiguration;
			buildSettings = {
				ALWAYS_EMBED_SWIFT_STANDARD_LIBRARIES = YES;
				CODE_SIGN_STYLE = Automatic;
				CURRENT_PROJECT_VERSION = 1;
				GENERATE_INFOPLIST_FILE = YES;
				MARKETING_VERSION = 1.0;
				PRODUCT_BUNDLE_IDENTIFIER = com.janus.VoiceJournalUITests;
				PRODUCT_NAME = "$(TARGET_NAME)";
				SWIFT_EMIT_LOC_STRINGS = NO;
				SWIFT_VERSION = 5.0;
				TARGETED_DEVICE_FAMILY = "1,2";
				TEST_TARGET_NAME = VoiceJournal;
			};
			name = Debug;
		};
		149522392E61F6AE002084FA /* Release */ = {
			isa = XCBuildConfiguration;
			buildSettings = {
				ALWAYS_EMBED_SWIFT_STANDARD_LIBRARIES = YES;
				CODE_SIGN_STYLE = Automatic;
				CURRENT_PROJECT_VERSION = 1;
				GENERATE_INFOPLIST_FILE = YES;
				MARKETING_VERSION = 1.0;
				PRODUCT_BUNDLE_IDENTIFIER = com.janus.VoiceJournalUITests;
				PRODUCT_NAME = "$(TARGET_NAME)";
				SWIFT_EMIT_LOC_STRINGS = NO;
				SWIFT_VERSION = 5.0;
				TARGETED_DEVICE_FAMILY = "1,2";
				TEST_TARGET_NAME = VoiceJournal;
			};
			name = Release;
		};
/* End XCBuildConfiguration section */

/* Begin XCConfigurationList section */
		149522082E61F6AD002084FA /* Build configuration list for PBXProject "VoiceJournal" */ = {
			isa = XCConfigurationList;
			buildConfigurations = (
				1495222F2E61F6AE002084FA /* Debug */,
				149522302E61F6AE002084FA /* Release */,
			);
			defaultConfigurationIsVisible = 0;
			defaultConfigurationName = Release;
		};
		149522312E61F6AE002084FA /* Build configuration list for PBXNativeTarget "VoiceJournal" */ = {
			isa = XCConfigurationList;
			buildConfigurations = (
				149522322E61F6AE002084FA /* Debug */,
				149522332E61F6AE002084FA /* Release */,
			);
			defaultConfigurationIsVisible = 0;
			defaultConfigurationName = Release;
		};
		149522342E61F6AE002084FA /* Build configuration list for PBXNativeTarget "VoiceJournalTests" */ = {
			isa = XCConfigurationList;
			buildConfigurations = (
				149522352E61F6AE002084FA /* Debug */,
				149522362E61F6AE002084FA /* Release */,
			);
			defaultConfigurationIsVisible = 0;
			defaultConfigurationName = Release;
		};
		149522372E61F6AE002084FA /* Build configuration list for PBXNativeTarget "VoiceJournalUITests" */ = {
			isa = XCConfigurationList;
			buildConfigurations = (
				149522382E61F6AE002084FA /* Debug */,
				149522392E61F6AE002084FA /* Release */,
			);
			defaultConfigurationIsVisible = 0;
			defaultConfigurationName = Release;
		};
/* End XCConfigurationList section */
	};
	rootObject = 149522052E61F6AD002084FA /* Project object */;
}
